
Microsoft Visual Studio Solution File, Format Version 12.00
# Visual Studio Version 17
VisualStudioVersion = 17.5.001.0
MinimumVisualStudioVersion = 10.0.40219.1
Project("{9A19103F-16F7-4668-BE54-9A1E7A4F7556}") = "Seminar1", "Seminar1.csproj", "{61D40D21-6AB7-4816-AAE0-5259D5FB8F27}"
EndProject
Global
	GlobalSection(SolutionConfigurationPlatforms) = preSolution
		Debug|Any CPU = Debug|Any CPU
		Release|Any CPU = Release|Any CPU
	EndGlobalSection
	GlobalSection(ProjectConfigurationPlatforms) = postSolution
		{61D40D21-6AB7-4816-AAE0-5259D5FB8F27}.Debug|Any CPU.ActiveCfg = Debug|Any CPU
		{61D40D21-6AB7-4816-AAE0-5259D5FB8F27}.Debug|Any CPU.Build.0 = Debug|Any CPU
		{61D40D21-6AB7-4816-AAE0-5259D5FB8F27}.Release|Any CPU.ActiveCfg = Release|Any CPU
		{61D40D21-6AB7-4816-AAE0-5259D5FB8F27}.Release|Any CPU.Build.0 = Release|Any CPU
	EndGlobalSection
	GlobalSection(SolutionProperties) = preSolution
		HideSolutionNode = FALSE
	EndGlobalSection
	GlobalSection(ExtensibilityGlobals) = postSolution
		SolutionGuid = {072E9811-A8C8-4B1F-BC15-CC05CCEFCC0F}
	EndGlobalSection
EndGlobal
